
Microsoft Visual Studio Solution File, Format Version 12.00
# Visual Studio 15
VisualStudioVersion = 15.0.26730.10
MinimumVisualStudioVersion = 10.0.40219.1
Project("{8BC9CEB8-8B4A-11D0-8D11-00A0C91BC942}") = "Ex1", "Ex1\Ex1.vcxproj", "{60B1AACA-A973-487A-A52F-65319E8B72EE}"
EndProject
Project("{8BC9CEB8-8B4A-11D0-8D11-00A0C91BC942}") = "Ex2", "ex2\ex2.vcxproj", "{D3EAD6D7-7725-4896-A0C3-1C44F2EF5E88}"
EndProject
Project("{8BC9CEB8-8B4A-11D0-8D11-00A0C91BC942}") = "Ex3", "Ex3\Ex3.vcxproj", "{E96251E9-82F8-4EC9-A0E2-7FD06C68D117}"
EndProject
Project("{8BC9CEB8-8B4A-11D0-8D11-00A0C91BC942}") = "Ex4", "Ex4\Ex4.vcxproj", "{397818A7-43C2-4840-B52B-53B4980DF1AE}"
EndProject
Global
	GlobalSection(SolutionConfigurationPlatforms) = preSolution
		Debug|x64 = Debug|x64
		Debug|x86 = Debug|x86
		Release|x64 = Release|x64
		Release|x86 = Release|x86
	EndGlobalSection
	GlobalSection(ProjectConfigurationPlatforms) = postSolution
		{60B1AACA-A973-487A-A52F-65319E8B72EE}.Debug|x64.ActiveCfg = Debug|x64
		{60B1AACA-A973-487A-A52F-65319E8B72EE}.Debug|x64.Build.0 = Debug|x64
		{60B1AACA-A973-487A-A52F-65319E8B72EE}.Debug|x86.ActiveCfg = Debug|Win32
		{60B1AACA-A973-487A-A52F-65319E8B72EE}.Debug|x86.Build.0 = Debug|Win32
		{60B1AACA-A973-487A-A52F-65319E8B72EE}.Release|x64.ActiveCfg = Release|x64
		{60B1AACA-A973-487A-A52F-65319E8B72EE}.Release|x64.Build.0 = Release|x64
		{60B1AACA-A973-487A-A52F-65319E8B72EE}.Release|x86.ActiveCfg = Release|Win32
		{60B1AACA-A973-487A-A52F-65319E8B72EE}.Release|x86.Build.0 = Release|Win32
		{D3EAD6D7-7725-4896-A0C3-1C44F2EF5E88}.Debug|x64.ActiveCfg = Debug|x64
		{D3EAD6D7-7725-4896-A0C3-1C44F2EF5E88}.Debug|x64.Build.0 = Debug|x64
		{D3EAD6D7-7725-4896-A0C3-1C44F2EF5E88}.Debug|x86.ActiveCfg = Debug|Win32
		{D3EAD6D7-7725-4896-A0C3-1C44F2EF5E88}.Debug|x86.Build.0 = Debug|Win32
		{D3EAD6D7-7725-4896-A0C3-1C44F2EF5E88}.Release|x64.ActiveCfg = Release|x64
		{D3EAD6D7-7725-4896-A0C3-1C44F2EF5E88}.Release|x64.Build.0 = Release|x64
		{D3EAD6D7-7725-4896-A0C3-1C44F2EF5E88}.Release|x86.ActiveCfg = Release|Win32
		{D3EAD6D7-7725-4896-A0C3-1C44F2EF5E88}.Release|x86.Build.0 = Release|Win32
		{E96251E9-82F8-4EC9-A0E2-7FD06C68D117}.Debug|x64.ActiveCfg = Debug|x64
		{E96251E9-82F8-4EC9-A0E2-7FD06C68D117}.Debug|x64.Build.0 = Debug|x64
		{E96251E9-82F8-4EC9-A0E2-7FD06C68D117}.Debug|x86.ActiveCfg = Debug|Win32
		{E96251E9-82F8-4EC9-A0E2-7FD06C68D117}.Debug|x86.Build.0 = Debug|Win32
		{E96251E9-82F8-4EC9-A0E2-7FD06C68D117}.Release|x64.ActiveCfg = Release|x64
		{E96251E9-82F8-4EC9-A0E2-7FD06C68D117}.Release|x64.Build.0 = Release|x64
		{E96251E9-82F8-4EC9-A0E2-7FD06C68D117}.Release|x86.ActiveCfg = Release|Win32
		{E96251E9-82F8-4EC9-A0E2-7FD06C68D117}.Release|x86.Build.0 = Release|Win32
		{397818A7-43C2-4840-B52B-53B4980DF1AE}.Debug|x64.ActiveCfg = Debug|x64
		{397818A7-43C2-4840-B52B-53B4980DF1AE}.Debug|x64.Build.0 = Debug|x64
		{397818A7-43C2-4840-B52B-53B4980DF1AE}.Debug|x86.ActiveCfg = Debug|Win32
		{397818A7-43C2-4840-B52B-53B4980DF1AE}.Debug|x86.Build.0 = Debug|Win32
		{397818A7-43C2-4840-B52B-53B4980DF1AE}.Release|x64.ActiveCfg = Release|x64
		{397818A7-43C2-4840-B52B-53B4980DF1AE}.Release|x64.Build.0 = Release|x64
		{397818A7-43C2-4840-B52B-53B4980DF1AE}.Release|x86.ActiveCfg = Release|Win32
		{397818A7-43C2-4840-B52B-53B4980DF1AE}.Release|x86.Build.0 = Release|Win32
	EndGlobalSection
	GlobalSection(SolutionProperties) = preSolution
		HideSolutionNode = FALSE
	EndGlobalSection
	GlobalSection(ExtensibilityGlobals) = postSolution
		SolutionGuid = {42D816F1-0E64-4B07-9B65-19B8DF332120}
	EndGlobalSection
EndGlobal
